
Microsoft Visual Studio Solution File, Format Version 12.00
# Visual Studio 14
VisualStudioVersion = 14.0.25420.1
MinimumVisualStudioVersion = 10.0.40219.1
Project("{FAE04EC0-301F-11D3-BF4B-00C04F79EFBC}") = "AddingSeries", "AddingSeries\AddingSeries.csproj", "{CE3E2278-0A7C-4CB9-B064-5560AC027617}"
EndProject
Global
	GlobalSection(SolutionConfigurationPlatforms) = preSolution
		Ad-Hoc|iPhone = Ad-Hoc|iPhone
		Ad-Hoc|iPhoneSimulator = Ad-Hoc|iPhoneSimulator
		AppStore|iPhone = AppStore|iPhone
		AppStore|iPhoneSimulator = AppStore|iPhoneSimulator
		Debug|iPhone = Debug|iPhone
		Debug|iPhoneSimulator = Debug|iPhoneSimulator
		Release|iPhone = Release|iPhone
		Release|iPhoneSimulator = Release|iPhoneSimulator
	EndGlobalSection
	GlobalSection(ProjectConfigurationPlatforms) = postSolution
		{CE3E2278-0A7C-4CB9-B064-5560AC027617}.Ad-Hoc|iPhone.ActiveCfg = Ad-Hoc|iPhone
		{CE3E2278-0A7C-4CB9-B064-5560AC027617}.Ad-Hoc|iPhone.Build.0 = Ad-Hoc|iPhone
		{CE3E2278-0A7C-4CB9-B064-5560AC027617}.Ad-Hoc|iPhoneSimulator.ActiveCfg = Ad-Hoc|iPhoneSimulator
		{CE3E2278-0A7C-4CB9-B064-5560AC027617}.Ad-Hoc|iPhoneSimulator.Build.0 = Ad-Hoc|iPhoneSimulator
		{CE3E2278-0A7C-4CB9-B064-5560AC027617}.AppStore|iPhone.ActiveCfg = AppStore|iPhone
		{CE3E2278-0A7C-4CB9-B064-5560AC027617}.AppStore|iPhone.Build.0 = AppStore|iPhone
		{CE3E2278-0A7C-4CB9-B064-5560AC027617}.AppStore|iPhoneSimulator.ActiveCfg = AppStore|iPhoneSimulator
		{CE3E2278-0A7C-4CB9-B064-5560AC027617}.AppStore|iPhoneSimulator.Build.0 = AppStore|iPhoneSimulator
		{CE3E2278-0A7C-4CB9-B064-5560AC027617}.Debug|iPhone.ActiveCfg = Debug|iPhone
		{CE3E2278-0A7C-4CB9-B064-5560AC027617}.Debug|iPhone.Build.0 = Debug|iPhone
		{CE3E2278-0A7C-4CB9-B064-5560AC027617}.Debug|iPhoneSimulator.ActiveCfg = Debug|iPhoneSimulator
		{CE3E2278-0A7C-4CB9-B064-5560AC027617}.Debug|iPhoneSimulator.Build.0 = Debug|iPhoneSimulator
		{CE3E2278-0A7C-4CB9-B064-5560AC027617}.Release|iPhone.ActiveCfg = Release|iPhone
		{CE3E2278-0A7C-4CB9-B064-5560AC027617}.Release|iPhone.Build.0 = Release|iPhone
		{CE3E2278-0A7C-4CB9-B064-5560AC027617}.Release|iPhoneSimulator.ActiveCfg = Release|iPhoneSimulator
		{CE3E2278-0A7C-4CB9-B064-5560AC027617}.Release|iPhoneSimulator.Build.0 = Release|iPhoneSimulator
	EndGlobalSection
	GlobalSection(SolutionProperties) = preSolution
		HideSolutionNode = FALSE
	EndGlobalSection
EndGlobal
