// !$*UTF8*$!
{
	archiveVersion = 1;
	classes = {
	};
	objectVersion = 46;
	objects = {

/* Begin PBXBuildFile section */
		846B12C91E407AAC00491C34 /* AppDelegate.swift in Sources */ = {isa = PBXBuildFile; fileRef = 846B12C81E407AAC00491C34 /* AppDelegate.swift */; };
		846B12CB1E407AAC00491C34 /* ViewController.swift in Sources */ = {isa = PBXBuildFile; fileRef = 846B12CA1E407AAC00491C34 /* ViewController.swift */; };
		846B12CE1E407AAC00491C34 /* Main.storyboard in Resources */ = {isa = PBXBuildFile; fileRef = 846B12CC1E407AAC00491C34 /* Main.storyboard */; };
		846B12D01E407AAC00491C34 /* Assets.xcassets in Resources */ = {isa = PBXBuildFile; fileRef = 846B12CF1E407AAC00491C34 /* Assets.xcassets */; };
		846B12D31E407AAC00491C34 /* LaunchScreen.storyboard in Resources */ = {isa = PBXBuildFile; fileRef = 846B12D11E407AAC00491C34 /* LaunchScreen.storyboard */; };
		8E209AD21EF0771D00F62670 /* SCIGenericWrapper.swift in Sources */ = {isa = PBXBuildFile; fileRef = 8E209AD11EF0771D00F62670 /* SCIGenericWrapper.swift */; };
		E8F4DA53285127140D0B1EBC /* Pods_Tutorial09___Multiple_Charts.framework in Frameworks */ = {isa = PBXBuildFile; fileRef = AA39D44A6E9B8E5A09259D77 /* Pods_Tutorial09___Multiple_Charts.framework */; };
/* End PBXBuildFile section */

/* Begin PBXCopyFilesBuildPhase section */
		841B9FBA1E49D1EA00FA84EB /* Embed Frameworks */ = {
			isa = PBXCopyFilesBuildPhase;
			buildActionMask = 2147483647;
			dstPath = "";
			dstSubfolderSpec = 10;
			files = (
			);
			name = "Embed Frameworks";
			runOnlyForDeploymentPostprocessing = 0;
		};
/* End PBXCopyFilesBuildPhase section */

/* Begin PBXFileReference section */
		437D2C319845A21E58BA923C /* Pods-Tutorial09 - Multiple Charts.release.xcconfig */ = {isa = PBXFileReference; includeInIndex = 1; lastKnownFileType = text.xcconfig; name = "Pods-Tutorial09 - Multiple Charts.release.xcconfig"; path = "../Pods/Target Support Files/Pods-Tutorial09 - Multiple Charts/Pods-Tutorial09 - Multiple Charts.release.xcconfig"; sourceTree = "<group>"; };
		5ABC5599BD061D491A0D3BF5 /* Pods-Tutorial09 - Multiple Charts.debug.xcconfig */ = {isa = PBXFileReference; includeInIndex = 1; lastKnownFileType = text.xcconfig; name = "Pods-Tutorial09 - Multiple Charts.debug.xcconfig"; path = "../Pods/Target Support Files/Pods-Tutorial09 - Multiple Charts/Pods-Tutorial09 - Multiple Charts.debug.xcconfig"; sourceTree = "<group>"; };
		846B12C51E407AAC00491C34 /* Tutorial09 - Multiple Charts.app */ = {isa = PBXFileReference; explicitFileType = wrapper.application; includeInIndex = 0; path = "Tutorial09 - Multiple Charts.app"; sourceTree = BUILT_PRODUCTS_DIR; };
		846B12C81E407AAC00491C34 /* AppDelegate.swift */ = {isa = PBXFileReference; lastKnownFileType = sourcecode.swift; path = AppDelegate.swift; sourceTree = "<group>"; };
		846B12CA1E407AAC00491C34 /* ViewController.swift */ = {isa = PBXFileReference; lastKnownFileType = sourcecode.swift; path = ViewController.swift; sourceTree = "<group>"; };
		846B12CD1E407AAC00491C34 /* Base */ = {isa = PBXFileReference; lastKnownFileType = file.storyboard; name = Base; path = Base.lproj/Main.storyboard; sourceTree = "<group>"; };
		846B12CF1E407AAC00491C34 /* Assets.xcassets */ = {isa = PBXFileReference; lastKnownFileType = folder.assetcatalog; path = Assets.xcassets; sourceTree = "<group>"; };
		846B12D21E407AAC00491C34 /* Base */ = {isa = PBXFileReference; lastKnownFileType = file.storyboard; name = Base; path = Base.lproj/LaunchScreen.storyboard; sourceTree = "<group>"; };
		846B12D41E407AAC00491C34 /* Info.plist */ = {isa = PBXFileReference; lastKnownFileType = text.plist.xml; path = Info.plist; sourceTree = "<group>"; };
		8E209AD11EF0771D00F62670 /* SCIGenericWrapper.swift */ = {isa = PBXFileReference; fileEncoding = 4; lastKnownFileType = sourcecode.swift; name = SCIGenericWrapper.swift; path = ../SwiftUtil/SCIGenericWrapper.swift; sourceTree = "<group>"; };
		AA39D44A6E9B8E5A09259D77 /* Pods_Tutorial09___Multiple_Charts.framework */ = {isa = PBXFileReference; explicitFileType = wrapper.framework; includeInIndex = 0; path = "Pods_Tutorial09___Multiple_Charts.framework"; sourceTree = BUILT_PRODUCTS_DIR; };
/* End PBXFileReference section */

/* Begin PBXFrameworksBuildPhase section */
		846B12C21E407AAC00491C34 /* Frameworks */ = {
			isa = PBXFrameworksBuildPhase;
			buildActionMask = 2147483647;
			files = (
				E8F4DA53285127140D0B1EBC /* Pods_Tutorial09___Multiple_Charts.framework in Frameworks */,
			);
			runOnlyForDeploymentPostprocessing = 0;
		};
/* End PBXFrameworksBuildPhase section */

/* Begin PBXGroup section */
		1F90A474CEBF38B6F5AA8ADB /* Frameworks */ = {
			isa = PBXGroup;
			children = (
				AA39D44A6E9B8E5A09259D77 /* Pods_Tutorial09___Multiple_Charts.framework */,
			);
			name = Frameworks;
			sourceTree = "<group>";
		};
		846B12BC1E407AAC00491C34 = {
			isa = PBXGroup;
			children = (
				8E209AD11EF0771D00F62670 /* SCIGenericWrapper.swift */,
				846B12C71E407AAC00491C34 /* HavingFunWithSciChart */,
				846B12C61E407AAC00491C34 /* Products */,
				D021AD70A4E69B5252DF741D /* Pods */,
				1F90A474CEBF38B6F5AA8ADB /* Frameworks */,
			);
			sourceTree = "<group>";
		};
		846B12C61E407AAC00491C34 /* Products */ = {
			isa = PBXGroup;
			children = (
				846B12C51E407AAC00491C34 /* Tutorial09 - Multiple Charts.app */,
			);
			name = Products;
			sourceTree = "<group>";
		};
		846B12C71E407AAC00491C34 /* HavingFunWithSciChart */ = {
			isa = PBXGroup;
			children = (
				846B12C81E407AAC00491C34 /* AppDelegate.swift */,
				846B12CA1E407AAC00491C34 /* ViewController.swift */,
				846B12CC1E407AAC00491C34 /* Main.storyboard */,
				846B12CF1E407AAC00491C34 /* Assets.xcassets */,
				846B12D11E407AAC00491C34 /* LaunchScreen.storyboard */,
				846B12D41E407AAC00491C34 /* Info.plist */,
			);
			path = HavingFunWithSciChart;
			sourceTree = "<group>";
		};
		D021AD70A4E69B5252DF741D /* Pods */ = {
			isa = PBXGroup;
			children = (
				5ABC5599BD061D491A0D3BF5 /* Pods-Tutorial09 - Multiple Charts.debug.xcconfig */,
				437D2C319845A21E58BA923C /* Pods-Tutorial09 - Multiple Charts.release.xcconfig */,
			);
			name = Pods;
			sourceTree = "<group>";
		};
/* End PBXGroup section */

/* Begin PBXNativeTarget section */
		846B12C41E407AAC00491C34 /* Tutorial09 - Multiple Charts */ = {
			isa = PBXNativeTarget;
			buildConfigurationList = 846B12D71E407AAC00491C34 /* Build configuration list for PBXNativeTarget "Tutorial09 - Multiple Charts" */;
			buildPhases = (
				D6FC7C6715AFA0D1612F7F68 /* [CP] Check Pods Manifest.lock */,
				846B12C11E407AAC00491C34 /* Sources */,
				846B12C21E407AAC00491C34 /* Frameworks */,
				846B12C31E407AAC00491C34 /* Resources */,
				841B9FBA1E49D1EA00FA84EB /* Embed Frameworks */,
				AC30EF5A2C4478BBF4A5E1BD /* [CP] Embed Pods Frameworks */,
				64CF2B3EB578257BDE6CBD90 /* [CP] Copy Pods Resources */,
			);
			buildRules = (
			);
			dependencies = (
			);
			name = "Tutorial09 - Multiple Charts";
			productName = HavingFunWithSciChart;
			productReference = 846B12C51E407AAC00491C34 /* Tutorial09 - Multiple Charts.app */;
			productType = "com.apple.product-type.application";
		};
/* End PBXNativeTarget section */

/* Begin PBXProject section */
		846B12BD1E407AAC00491C34 /* Project object */ = {
			isa = PBXProject;
			attributes = {
				LastSwiftUpdateCheck = 0820;
				LastUpgradeCheck = 0820;
				ORGANIZATIONNAME = "SciChart Ltd";
				TargetAttributes = {
					846B12C41E407AAC00491C34 = {
						CreatedOnToolsVersion = 8.2.1;
						ProvisioningStyle = Automatic;
					};
				};
			};
			buildConfigurationList = 846B12C01E407AAC00491C34 /* Build configuration list for PBXProject "Tutorial09 - Multiple Charts" */;
			compatibilityVersion = "Xcode 3.2";
			developmentRegion = English;
			hasScannedForEncodings = 0;
			knownRegions = (
				en,
				Base,
			);
			mainGroup = 846B12BC1E407AAC00491C34;
			productRefGroup = 846B12C61E407AAC00491C34 /* Products */;
			projectDirPath = "";
			projectRoot = "";
			targets = (
				846B12C41E407AAC00491C34 /* Tutorial09 - Multiple Charts */,
			);
		};
/* End PBXProject section */

/* Begin PBXResourcesBuildPhase section */
		846B12C31E407AAC00491C34 /* Resources */ = {
			isa = PBXResourcesBuildPhase;
			buildActionMask = 2147483647;
			files = (
				846B12D31E407AAC00491C34 /* LaunchScreen.storyboard in Resources */,
				846B12D01E407AAC00491C34 /* Assets.xcassets in Resources */,
				846B12CE1E407AAC00491C34 /* Main.storyboard in Resources */,
			);
			runOnlyForDeploymentPostprocessing = 0;
		};
/* End PBXResourcesBuildPhase section */

/* Begin PBXShellScriptBuildPhase section */
		64CF2B3EB578257BDE6CBD90 /* [CP] Copy Pods Resources */ = {
			isa = PBXShellScriptBuildPhase;
			buildActionMask = 2147483647;
			files = (
			);
			inputPaths = (
			);
			name = "[CP] Copy Pods Resources";
			outputPaths = (
			);
			runOnlyForDeploymentPostprocessing = 0;
			shellPath = /bin/sh;
			shellScript = "\"${SRCROOT}/../Pods/Target Support Files/Pods-Tutorial09 - Multiple Charts/Pods-Tutorial09 - Multiple Charts-resources.sh\"\n";
			showEnvVarsInLog = 0;
		};
		AC30EF5A2C4478BBF4A5E1BD /* [CP] Embed Pods Frameworks */ = {
			isa = PBXShellScriptBuildPhase;
			buildActionMask = 2147483647;
			files = (
			);
			inputPaths = (
			);
			name = "[CP] Embed Pods Frameworks";
			outputPaths = (
			);
			runOnlyForDeploymentPostprocessing = 0;
			shellPath = /bin/sh;
			shellScript = "\"${SRCROOT}/../Pods/Target Support Files/Pods-Tutorial09 - Multiple Charts/Pods-Tutorial09 - Multiple Charts-frameworks.sh\"\n";
			showEnvVarsInLog = 0;
		};
		D6FC7C6715AFA0D1612F7F68 /* [CP] Check Pods Manifest.lock */ = {
			isa = PBXShellScriptBuildPhase;
			buildActionMask = 2147483647;
			files = (
			);
			inputPaths = (
			);
			name = "[CP] Check Pods Manifest.lock";
			outputPaths = (
			);
			runOnlyForDeploymentPostprocessing = 0;
			shellPath = /bin/sh;
			shellScript = "diff \"${PODS_ROOT}/../Podfile.lock\" \"${PODS_ROOT}/Manifest.lock\" > /dev/null\nif [ $? != 0 ] ; then\n    # print error to STDERR\n    echo \"error: The sandbox is not in sync with the Podfile.lock. Run 'pod install' or update your CocoaPods installation.\" >&2\n    exit 1\nfi\n";
			showEnvVarsInLog = 0;
		};
/* End PBXShellScriptBuildPhase section */

/* Begin PBXSourcesBuildPhase section */
		846B12C11E407AAC00491C34 /* Sources */ = {
			isa = PBXSourcesBuildPhase;
			buildActionMask = 2147483647;
			files = (
				8E209AD21EF0771D00F62670 /* SCIGenericWrapper.swift in Sources */,
				846B12CB1E407AAC00491C34 /* ViewController.swift in Sources */,
				846B12C91E407AAC00491C34 /* AppDelegate.swift in Sources */,
			);
			runOnlyForDeploymentPostprocessing = 0;
		};
/* End PBXSourcesBuildPhase section */

/* Begin PBXVariantGroup section */
		846B12CC1E407AAC00491C34 /* Main.storyboard */ = {
			isa = PBXVariantGroup;
			children = (
				846B12CD1E407AAC00491C34 /* Base */,
			);
			name = Main.storyboard;
			sourceTree = "<group>";
		};
		846B12D11E407AAC00491C34 /* LaunchScreen.storyboard */ = {
			isa = PBXVariantGroup;
			children = (
				846B12D21E407AAC00491C34 /* Base */,
			);
			name = LaunchScreen.storyboard;
			sourceTree = "<group>";
		};
/* End PBXVariantGroup section */

/* Begin XCBuildConfiguration section */
		846B12D51E407AAC00491C34 /* Debug */ = {
			isa = XCBuildConfiguration;
			buildSettings = {
				ALWAYS_SEARCH_USER_PATHS = NO;
				CLANG_ANALYZER_NONNULL = YES;
				CLANG_CXX_LANGUAGE_STANDARD = "gnu++0x";
				CLANG_CXX_LIBRARY = "libc++";
				CLANG_ENABLE_MODULES = YES;
				CLANG_ENABLE_OBJC_ARC = YES;
				CLANG_WARN_BOOL_CONVERSION = YES;
				CLANG_WARN_CONSTANT_CONVERSION = YES;
				CLANG_WARN_DIRECT_OBJC_ISA_USAGE = YES_ERROR;
				CLANG_WARN_DOCUMENTATION_COMMENTS = YES;
				CLANG_WARN_EMPTY_BODY = YES;
				CLANG_WARN_ENUM_CONVERSION = YES;
				CLANG_WARN_INFINITE_RECURSION = YES;
				CLANG_WARN_INT_CONVERSION = YES;
				CLANG_WARN_OBJC_ROOT_CLASS = YES_ERROR;
				CLANG_WARN_SUSPICIOUS_MOVE = YES;
				CLANG_WARN_UNREACHABLE_CODE = YES;
				CLANG_WARN__DUPLICATE_METHOD_MATCH = YES;
				"CODE_SIGN_IDENTITY[sdk=iphoneos*]" = "iPhone Developer";
				COPY_PHASE_STRIP = NO;
				DEBUG_INFORMATION_FORMAT = dwarf;
				ENABLE_STRICT_OBJC_MSGSEND = YES;
				ENABLE_TESTABILITY = YES;
				GCC_C_LANGUAGE_STANDARD = gnu99;
				GCC_DYNAMIC_NO_PIC = NO;
				GCC_NO_COMMON_BLOCKS = YES;
				GCC_OPTIMIZATION_LEVEL = 0;
				GCC_PREPROCESSOR_DEFINITIONS = (
					"DEBUG=1",
					"$(inherited)",
				);
				GCC_WARN_64_TO_32_BIT_CONVERSION = YES;
				GCC_WARN_ABOUT_RETURN_TYPE = YES_ERROR;
				GCC_WARN_UNDECLARED_SELECTOR = YES;
				GCC_WARN_UNINITIALIZED_AUTOS = YES_AGGRESSIVE;
				GCC_WARN_UNUSED_FUNCTION = YES;
				GCC_WARN_UNUSED_VARIABLE = YES;
				IPHONEOS_DEPLOYMENT_TARGET = 10.2;
				MTL_ENABLE_DEBUG_INFO = YES;
				ONLY_ACTIVE_ARCH = YES;
				SDKROOT = iphoneos;
				SWIFT_ACTIVE_COMPILATION_CONDITIONS = DEBUG;
				SWIFT_OPTIMIZATION_LEVEL = "-Onone";
				TARGETED_DEVICE_FAMILY = "1,2";
			};
			name = Debug;
		};
		846B12D61E407AAC00491C34 /* Release */ = {
			isa = XCBuildConfiguration;
			buildSettings = {
				ALWAYS_SEARCH_USER_PATHS = NO;
				CLANG_ANALYZER_NONNULL = YES;
				CLANG_CXX_LANGUAGE_STANDARD = "gnu++0x";
				CLANG_CXX_LIBRARY = "libc++";
				CLANG_ENABLE_MODULES = YES;
				CLANG_ENABLE_OBJC_ARC = YES;
				CLANG_WARN_BOOL_CONVERSION = YES;
				CLANG_WARN_CONSTANT_CONVERSION = YES;
				CLANG_WARN_DIRECT_OBJC_ISA_USAGE = YES_ERROR;
				CLANG_WARN_DOCUMENTATION_COMMENTS = YES;
				CLANG_WARN_EMPTY_BODY = YES;
				CLANG_WARN_ENUM_CONVERSION = YES;
				CLANG_WARN_INFINITE_RECURSION = YES;
				CLANG_WARN_INT_CONVERSION = YES;
				CLANG_WARN_OBJC_ROOT_CLASS = YES_ERROR;
				CLANG_WARN_SUSPICIOUS_MOVE = YES;
				CLANG_WARN_UNREACHABLE_CODE = YES;
				CLANG_WARN__DUPLICATE_METHOD_MATCH = YES;
				"CODE_SIGN_IDENTITY[sdk=iphoneos*]" = "iPhone Developer";
				COPY_PHASE_STRIP = NO;
				DEBUG_INFORMATION_FORMAT = "dwarf-with-dsym";
				ENABLE_NS_ASSERTIONS = NO;
				ENABLE_STRICT_OBJC_MSGSEND = YES;
				GCC_C_LANGUAGE_STANDARD = gnu99;
				GCC_NO_COMMON_BLOCKS = YES;
				GCC_WARN_64_TO_32_BIT_CONVERSION = YES;
				GCC_WARN_ABOUT_RETURN_TYPE = YES_ERROR;
				GCC_WARN_UNDECLARED_SELECTOR = YES;
				GCC_WARN_UNINITIALIZED_AUTOS = YES_AGGRESSIVE;
				GCC_WARN_UNUSED_FUNCTION = YES;
				GCC_WARN_UNUSED_VARIABLE = YES;
				IPHONEOS_DEPLOYMENT_TARGET = 10.2;
				MTL_ENABLE_DEBUG_INFO = NO;
				SDKROOT = iphoneos;
				SWIFT_OPTIMIZATION_LEVEL = "-Owholemodule";
				TARGETED_DEVICE_FAMILY = "1,2";
				VALIDATE_PRODUCT = YES;
			};
			name = Release;
		};
		846B12D81E407AAC00491C34 /* Debug */ = {
			isa = XCBuildConfiguration;
			baseConfigurationReference = 5ABC5599BD061D491A0D3BF5 /* Pods-Tutorial09 - Multiple Charts.debug.xcconfig */;
			buildSettings = {
				ASSETCATALOG_COMPILER_APPICON_NAME = AppIcon;
				DEVELOPMENT_TEAM = "";
				FRAMEWORK_SEARCH_PATHS = (
					"$(inherited)",
					"$(PROJECT_DIR)",
				);
				INFOPLIST_FILE = HavingFunWithSciChart/Info.plist;
				LD_RUNPATH_SEARCH_PATHS = "$(inherited) @executable_path/Frameworks";
				PRODUCT_BUNDLE_IDENTIFIER = SciChart.HavingFunWithSciChart;
				PRODUCT_NAME = "$(TARGET_NAME)";
				SWIFT_VERSION = 4.0;
			};
			name = Debug;
		};
		846B12D91E407AAC00491C34 /* Release */ = {
			isa = XCBuildConfiguration;
			baseConfigurationReference = 437D2C319845A21E58BA923C /* Pods-Tutorial09 - Multiple Charts.release.xcconfig */;
			buildSettings = {
				ASSETCATALOG_COMPILER_APPICON_NAME = AppIcon;
				DEVELOPMENT_TEAM = "";
				FRAMEWORK_SEARCH_PATHS = (
					"$(inherited)",
					"$(PROJECT_DIR)",
				);
				INFOPLIST_FILE = HavingFunWithSciChart/Info.plist;
				LD_RUNPATH_SEARCH_PATHS = "$(inherited) @executable_path/Frameworks";
				PRODUCT_BUNDLE_IDENTIFIER = SciChart.HavingFunWithSciChart;
				PRODUCT_NAME = "$(TARGET_NAME)";
				SWIFT_VERSION = 4.0;
			};
			name = Release;
		};
/* End XCBuildConfiguration section */

/* Begin XCConfigurationList section */
		846B12C01E407AAC00491C34 /* Build configuration list for PBXProject "Tutorial09 - Multiple Charts" */ = {
			isa = XCConfigurationList;
			buildConfigurations = (
				846B12D51E407AAC00491C34 /* Debug */,
				846B12D61E407AAC00491C34 /* Release */,
			);
			defaultConfigurationIsVisible = 0;
			defaultConfigurationName = Release;
		};
		846B12D71E407AAC00491C34 /* Build configuration list for PBXNativeTarget "Tutorial09 - Multiple Charts" */ = {
			isa = XCConfigurationList;
			buildConfigurations = (
				846B12D81E407AAC00491C34 /* Debug */,
				846B12D91E407AAC00491C34 /* Release */,
			);
			defaultConfigurationIsVisible = 0;
			defaultConfigurationName = Release;
		};
/* End XCConfigurationList section */
	};
	rootObject = 846B12BD1E407AAC00491C34 /* Project object */;
}
