
Microsoft Visual Studio Solution File, Format Version 12.00
# Visual Studio 14
VisualStudioVersion = 14.0.25420.1
MinimumVisualStudioVersion = 10.0.40219.1
Project("{FAE04EC0-301F-11D3-BF4B-00C04F79EFBC}") = "AddingZoomingAndPanning", "AddingZoomingAndPanning\AddingZoomingAndPanning.csproj", "{B1C1D192-B4EF-4731-83CE-D4BF74D0615A}"
EndProject
Global
	GlobalSection(SolutionConfigurationPlatforms) = preSolution
		Ad-Hoc|iPhone = Ad-Hoc|iPhone
		Ad-Hoc|iPhoneSimulator = Ad-Hoc|iPhoneSimulator
		AppStore|iPhone = AppStore|iPhone
		AppStore|iPhoneSimulator = AppStore|iPhoneSimulator
		Debug|iPhone = Debug|iPhone
		Debug|iPhoneSimulator = Debug|iPhoneSimulator
		Release|iPhone = Release|iPhone
		Release|iPhoneSimulator = Release|iPhoneSimulator
	EndGlobalSection
	GlobalSection(ProjectConfigurationPlatforms) = postSolution
		{B1C1D192-B4EF-4731-83CE-D4BF74D0615A}.Ad-Hoc|iPhone.ActiveCfg = Ad-Hoc|iPhone
		{B1C1D192-B4EF-4731-83CE-D4BF74D0615A}.Ad-Hoc|iPhone.Build.0 = Ad-Hoc|iPhone
		{B1C1D192-B4EF-4731-83CE-D4BF74D0615A}.Ad-Hoc|iPhoneSimulator.ActiveCfg = Ad-Hoc|iPhoneSimulator
		{B1C1D192-B4EF-4731-83CE-D4BF74D0615A}.Ad-Hoc|iPhoneSimulator.Build.0 = Ad-Hoc|iPhoneSimulator
		{B1C1D192-B4EF-4731-83CE-D4BF74D0615A}.AppStore|iPhone.ActiveCfg = AppStore|iPhone
		{B1C1D192-B4EF-4731-83CE-D4BF74D0615A}.AppStore|iPhone.Build.0 = AppStore|iPhone
		{B1C1D192-B4EF-4731-83CE-D4BF74D0615A}.AppStore|iPhoneSimulator.ActiveCfg = AppStore|iPhoneSimulator
		{B1C1D192-B4EF-4731-83CE-D4BF74D0615A}.AppStore|iPhoneSimulator.Build.0 = AppStore|iPhoneSimulator
		{B1C1D192-B4EF-4731-83CE-D4BF74D0615A}.Debug|iPhone.ActiveCfg = Debug|iPhone
		{B1C1D192-B4EF-4731-83CE-D4BF74D0615A}.Debug|iPhone.Build.0 = Debug|iPhone
		{B1C1D192-B4EF-4731-83CE-D4BF74D0615A}.Debug|iPhoneSimulator.ActiveCfg = Debug|iPhoneSimulator
		{B1C1D192-B4EF-4731-83CE-D4BF74D0615A}.Debug|iPhoneSimulator.Build.0 = Debug|iPhoneSimulator
		{B1C1D192-B4EF-4731-83CE-D4BF74D0615A}.Release|iPhone.ActiveCfg = Release|iPhone
		{B1C1D192-B4EF-4731-83CE-D4BF74D0615A}.Release|iPhone.Build.0 = Release|iPhone
		{B1C1D192-B4EF-4731-83CE-D4BF74D0615A}.Release|iPhoneSimulator.ActiveCfg = Release|iPhoneSimulator
		{B1C1D192-B4EF-4731-83CE-D4BF74D0615A}.Release|iPhoneSimulator.Build.0 = Release|iPhoneSimulator
	EndGlobalSection
	GlobalSection(SolutionProperties) = preSolution
		HideSolutionNode = FALSE
	EndGlobalSection
EndGlobal
