// !$*UTF8*$!
{
	archiveVersion = 1;
	classes = {
	};
	objectVersion = 48;
	objects = {

/* Begin PBXBuildFile section */
		FAA721691FED5492001B489C /* AppDelegate.swift in Sources */ = {isa = PBXBuildFile; fileRef = FAA721681FED5492001B489C /* AppDelegate.swift */; };
		FAA7216B1FED5492001B489C /* ViewController.swift in Sources */ = {isa = PBXBuildFile; fileRef = FAA7216A1FED5492001B489C /* ViewController.swift */; };
		FAA7216E1FED5492001B489C /* Main.storyboard in Resources */ = {isa = PBXBuildFile; fileRef = FAA7216C1FED5492001B489C /* Main.storyboard */; };
		FAA721701FED5492001B489C /* Assets.xcassets in Resources */ = {isa = PBXBuildFile; fileRef = FAA7216F1FED5492001B489C /* Assets.xcassets */; };
		FAA721731FED5492001B489C /* LaunchScreen.storyboard in Resources */ = {isa = PBXBuildFile; fileRef = FAA721711FED5492001B489C /* LaunchScreen.storyboard */; };
		FAA721821FED57F9001B489C /* CustomLegendViewCell.xib in Resources */ = {isa = PBXBuildFile; fileRef = FAA721811FED57F9001B489C /* CustomLegendViewCell.xib */; };
		FAA721841FED5D64001B489C /* SciChart.framework in Frameworks */ = {isa = PBXBuildFile; fileRef = FAA721831FED5D64001B489C /* SciChart.framework */; };
		FAA721861FED5D70001B489C /* SCIGenericWrapper.swift in Sources */ = {isa = PBXBuildFile; fileRef = FAA721851FED5D70001B489C /* SCIGenericWrapper.swift */; };
/* End PBXBuildFile section */

/* Begin PBXCopyFilesBuildPhase section */
		FAA7217E1FED562A001B489C /* Embed Frameworks */ = {
			isa = PBXCopyFilesBuildPhase;
			buildActionMask = 2147483647;
			dstPath = "";
			dstSubfolderSpec = 10;
			files = (
			);
			name = "Embed Frameworks";
			runOnlyForDeploymentPostprocessing = 0;
		};
/* End PBXCopyFilesBuildPhase section */

/* Begin PBXFileReference section */
		FAA721651FED5492001B489C /* CustomLegend.app */ = {isa = PBXFileReference; explicitFileType = wrapper.application; includeInIndex = 0; path = CustomLegend.app; sourceTree = BUILT_PRODUCTS_DIR; };
		FAA721681FED5492001B489C /* AppDelegate.swift */ = {isa = PBXFileReference; lastKnownFileType = sourcecode.swift; path = AppDelegate.swift; sourceTree = "<group>"; };
		FAA7216A1FED5492001B489C /* ViewController.swift */ = {isa = PBXFileReference; lastKnownFileType = sourcecode.swift; path = ViewController.swift; sourceTree = "<group>"; };
		FAA7216D1FED5492001B489C /* Base */ = {isa = PBXFileReference; lastKnownFileType = file.storyboard; name = Base; path = Base.lproj/Main.storyboard; sourceTree = "<group>"; };
		FAA7216F1FED5492001B489C /* Assets.xcassets */ = {isa = PBXFileReference; lastKnownFileType = folder.assetcatalog; path = Assets.xcassets; sourceTree = "<group>"; };
		FAA721721FED5492001B489C /* Base */ = {isa = PBXFileReference; lastKnownFileType = file.storyboard; name = Base; path = Base.lproj/LaunchScreen.storyboard; sourceTree = "<group>"; };
		FAA721741FED5492001B489C /* Info.plist */ = {isa = PBXFileReference; lastKnownFileType = text.plist.xml; path = Info.plist; sourceTree = "<group>"; };
		FAA721811FED57F9001B489C /* CustomLegendViewCell.xib */ = {isa = PBXFileReference; lastKnownFileType = file.xib; path = CustomLegendViewCell.xib; sourceTree = "<group>"; };
		FAA721831FED5D64001B489C /* SciChart.framework */ = {isa = PBXFileReference; lastKnownFileType = wrapper.framework; name = SciChart.framework; path = ../SciChart.framework; sourceTree = "<group>"; };
		FAA721851FED5D70001B489C /* SCIGenericWrapper.swift */ = {isa = PBXFileReference; fileEncoding = 4; lastKnownFileType = sourcecode.swift; name = SCIGenericWrapper.swift; path = ../../SciChart.framework/SwiftUtil/SCIGenericWrapper.swift; sourceTree = "<group>"; };
/* End PBXFileReference section */

/* Begin PBXFrameworksBuildPhase section */
		FAA721621FED5492001B489C /* Frameworks */ = {
			isa = PBXFrameworksBuildPhase;
			buildActionMask = 2147483647;
			files = (
				FAA721841FED5D64001B489C /* SciChart.framework in Frameworks */,
			);
			runOnlyForDeploymentPostprocessing = 0;
		};
/* End PBXFrameworksBuildPhase section */

/* Begin PBXGroup section */
		FAA7215C1FED5492001B489C = {
			isa = PBXGroup;
			children = (
				FAA721831FED5D64001B489C /* SciChart.framework */,
				FAA721671FED5492001B489C /* CustomLegend */,
				FAA721661FED5492001B489C /* Products */,
			);
			sourceTree = "<group>";
		};
		FAA721661FED5492001B489C /* Products */ = {
			isa = PBXGroup;
			children = (
				FAA721651FED5492001B489C /* CustomLegend.app */,
			);
			name = Products;
			sourceTree = "<group>";
		};
		FAA721671FED5492001B489C /* CustomLegend */ = {
			isa = PBXGroup;
			children = (
				FAA721851FED5D70001B489C /* SCIGenericWrapper.swift */,
				FAA721681FED5492001B489C /* AppDelegate.swift */,
				FAA7216A1FED5492001B489C /* ViewController.swift */,
				FAA7216C1FED5492001B489C /* Main.storyboard */,
				FAA7216F1FED5492001B489C /* Assets.xcassets */,
				FAA721711FED5492001B489C /* LaunchScreen.storyboard */,
				FAA721741FED5492001B489C /* Info.plist */,
				FAA721811FED57F9001B489C /* CustomLegendViewCell.xib */,
			);
			path = CustomLegend;
			sourceTree = "<group>";
		};
/* End PBXGroup section */

/* Begin PBXNativeTarget section */
		FAA721641FED5492001B489C /* CustomLegend */ = {
			isa = PBXNativeTarget;
			buildConfigurationList = FAA721771FED5492001B489C /* Build configuration list for PBXNativeTarget "CustomLegend" */;
			buildPhases = (
				FAA721611FED5492001B489C /* Sources */,
				FAA721621FED5492001B489C /* Frameworks */,
				FAA721631FED5492001B489C /* Resources */,
				FAA7217E1FED562A001B489C /* Embed Frameworks */,
			);
			buildRules = (
			);
			dependencies = (
			);
			name = CustomLegend;
			productName = CustomLegend;
			productReference = FAA721651FED5492001B489C /* CustomLegend.app */;
			productType = "com.apple.product-type.application";
		};
/* End PBXNativeTarget section */

/* Begin PBXProject section */
		FAA7215D1FED5492001B489C /* Project object */ = {
			isa = PBXProject;
			attributes = {
				LastSwiftUpdateCheck = 0920;
				LastUpgradeCheck = 0920;
				ORGANIZATIONNAME = Gkol;
				TargetAttributes = {
					FAA721641FED5492001B489C = {
						CreatedOnToolsVersion = 9.2;
						ProvisioningStyle = Automatic;
					};
				};
			};
			buildConfigurationList = FAA721601FED5492001B489C /* Build configuration list for PBXProject "CustomLegend" */;
			compatibilityVersion = "Xcode 8.0";
			developmentRegion = en;
			hasScannedForEncodings = 0;
			knownRegions = (
				en,
				Base,
			);
			mainGroup = FAA7215C1FED5492001B489C;
			productRefGroup = FAA721661FED5492001B489C /* Products */;
			projectDirPath = "";
			projectRoot = "";
			targets = (
				FAA721641FED5492001B489C /* CustomLegend */,
			);
		};
/* End PBXProject section */

/* Begin PBXResourcesBuildPhase section */
		FAA721631FED5492001B489C /* Resources */ = {
			isa = PBXResourcesBuildPhase;
			buildActionMask = 2147483647;
			files = (
				FAA721731FED5492001B489C /* LaunchScreen.storyboard in Resources */,
				FAA721701FED5492001B489C /* Assets.xcassets in Resources */,
				FAA721821FED57F9001B489C /* CustomLegendViewCell.xib in Resources */,
				FAA7216E1FED5492001B489C /* Main.storyboard in Resources */,
			);
			runOnlyForDeploymentPostprocessing = 0;
		};
/* End PBXResourcesBuildPhase section */

/* Begin PBXSourcesBuildPhase section */
		FAA721611FED5492001B489C /* Sources */ = {
			isa = PBXSourcesBuildPhase;
			buildActionMask = 2147483647;
			files = (
				FAA721861FED5D70001B489C /* SCIGenericWrapper.swift in Sources */,
				FAA7216B1FED5492001B489C /* ViewController.swift in Sources */,
				FAA721691FED5492001B489C /* AppDelegate.swift in Sources */,
			);
			runOnlyForDeploymentPostprocessing = 0;
		};
/* End PBXSourcesBuildPhase section */

/* Begin PBXVariantGroup section */
		FAA7216C1FED5492001B489C /* Main.storyboard */ = {
			isa = PBXVariantGroup;
			children = (
				FAA7216D1FED5492001B489C /* Base */,
			);
			name = Main.storyboard;
			sourceTree = "<group>";
		};
		FAA721711FED5492001B489C /* LaunchScreen.storyboard */ = {
			isa = PBXVariantGroup;
			children = (
				FAA721721FED5492001B489C /* Base */,
			);
			name = LaunchScreen.storyboard;
			sourceTree = "<group>";
		};
/* End PBXVariantGroup section */

/* Begin XCBuildConfiguration section */
		FAA721751FED5492001B489C /* Debug */ = {
			isa = XCBuildConfiguration;
			buildSettings = {
				ALWAYS_SEARCH_USER_PATHS = NO;
				CLANG_ANALYZER_NONNULL = YES;
				CLANG_ANALYZER_NUMBER_OBJECT_CONVERSION = YES_AGGRESSIVE;
				CLANG_CXX_LANGUAGE_STANDARD = "gnu++14";
				CLANG_CXX_LIBRARY = "libc++";
				CLANG_ENABLE_MODULES = YES;
				CLANG_ENABLE_OBJC_ARC = YES;
				CLANG_WARN_BLOCK_CAPTURE_AUTORELEASING = YES;
				CLANG_WARN_BOOL_CONVERSION = YES;
				CLANG_WARN_COMMA = YES;
				CLANG_WARN_CONSTANT_CONVERSION = YES;
				CLANG_WARN_DIRECT_OBJC_ISA_USAGE = YES_ERROR;
				CLANG_WARN_DOCUMENTATION_COMMENTS = YES;
				CLANG_WARN_EMPTY_BODY = YES;
				CLANG_WARN_ENUM_CONVERSION = YES;
				CLANG_WARN_INFINITE_RECURSION = YES;
				CLANG_WARN_INT_CONVERSION = YES;
				CLANG_WARN_NON_LITERAL_NULL_CONVERSION = YES;
				CLANG_WARN_OBJC_LITERAL_CONVERSION = YES;
				CLANG_WARN_OBJC_ROOT_CLASS = YES_ERROR;
				CLANG_WARN_RANGE_LOOP_ANALYSIS = YES;
				CLANG_WARN_STRICT_PROTOTYPES = YES;
				CLANG_WARN_SUSPICIOUS_MOVE = YES;
				CLANG_WARN_UNGUARDED_AVAILABILITY = YES_AGGRESSIVE;
				CLANG_WARN_UNREACHABLE_CODE = YES;
				CLANG_WARN__DUPLICATE_METHOD_MATCH = YES;
				CODE_SIGN_IDENTITY = "iPhone Developer";
				COPY_PHASE_STRIP = NO;
				DEBUG_INFORMATION_FORMAT = dwarf;
				ENABLE_STRICT_OBJC_MSGSEND = YES;
				ENABLE_TESTABILITY = YES;
				GCC_C_LANGUAGE_STANDARD = gnu11;
				GCC_DYNAMIC_NO_PIC = NO;
				GCC_NO_COMMON_BLOCKS = YES;
				GCC_OPTIMIZATION_LEVEL = 0;
				GCC_PREPROCESSOR_DEFINITIONS = (
					"DEBUG=1",
					"$(inherited)",
				);
				GCC_WARN_64_TO_32_BIT_CONVERSION = YES;
				GCC_WARN_ABOUT_RETURN_TYPE = YES_ERROR;
				GCC_WARN_UNDECLARED_SELECTOR = YES;
				GCC_WARN_UNINITIALIZED_AUTOS = YES_AGGRESSIVE;
				GCC_WARN_UNUSED_FUNCTION = YES;
				GCC_WARN_UNUSED_VARIABLE = YES;
				IPHONEOS_DEPLOYMENT_TARGET = 11.2;
				MTL_ENABLE_DEBUG_INFO = YES;
				ONLY_ACTIVE_ARCH = YES;
				SDKROOT = iphoneos;
				SWIFT_ACTIVE_COMPILATION_CONDITIONS = DEBUG;
				SWIFT_OPTIMIZATION_LEVEL = "-Onone";
			};
			name = Debug;
		};
		FAA721761FED5492001B489C /* Release */ = {
			isa = XCBuildConfiguration;
			buildSettings = {
				ALWAYS_SEARCH_USER_PATHS = NO;
				CLANG_ANALYZER_NONNULL = YES;
				CLANG_ANALYZER_NUMBER_OBJECT_CONVERSION = YES_AGGRESSIVE;
				CLANG_CXX_LANGUAGE_STANDARD = "gnu++14";
				CLANG_CXX_LIBRARY = "libc++";
				CLANG_ENABLE_MODULES = YES;
				CLANG_ENABLE_OBJC_ARC = YES;
				CLANG_WARN_BLOCK_CAPTURE_AUTORELEASING = YES;
				CLANG_WARN_BOOL_CONVERSION = YES;
				CLANG_WARN_COMMA = YES;
				CLANG_WARN_CONSTANT_CONVERSION = YES;
				CLANG_WARN_DIRECT_OBJC_ISA_USAGE = YES_ERROR;
				CLANG_WARN_DOCUMENTATION_COMMENTS = YES;
				CLANG_WARN_EMPTY_BODY = YES;
				CLANG_WARN_ENUM_CONVERSION = YES;
				CLANG_WARN_INFINITE_RECURSION = YES;
				CLANG_WARN_INT_CONVERSION = YES;
				CLANG_WARN_NON_LITERAL_NULL_CONVERSION = YES;
				CLANG_WARN_OBJC_LITERAL_CONVERSION = YES;
				CLANG_WARN_OBJC_ROOT_CLASS = YES_ERROR;
				CLANG_WARN_RANGE_LOOP_ANALYSIS = YES;
				CLANG_WARN_STRICT_PROTOTYPES = YES;
				CLANG_WARN_SUSPICIOUS_MOVE = YES;
				CLANG_WARN_UNGUARDED_AVAILABILITY = YES_AGGRESSIVE;
				CLANG_WARN_UNREACHABLE_CODE = YES;
				CLANG_WARN__DUPLICATE_METHOD_MATCH = YES;
				CODE_SIGN_IDENTITY = "iPhone Developer";
				COPY_PHASE_STRIP = NO;
				DEBUG_INFORMATION_FORMAT = "dwarf-with-dsym";
				ENABLE_NS_ASSERTIONS = NO;
				ENABLE_STRICT_OBJC_MSGSEND = YES;
				GCC_C_LANGUAGE_STANDARD = gnu11;
				GCC_NO_COMMON_BLOCKS = YES;
				GCC_WARN_64_TO_32_BIT_CONVERSION = YES;
				GCC_WARN_ABOUT_RETURN_TYPE = YES_ERROR;
				GCC_WARN_UNDECLARED_SELECTOR = YES;
				GCC_WARN_UNINITIALIZED_AUTOS = YES_AGGRESSIVE;
				GCC_WARN_UNUSED_FUNCTION = YES;
				GCC_WARN_UNUSED_VARIABLE = YES;
				IPHONEOS_DEPLOYMENT_TARGET = 11.2;
				MTL_ENABLE_DEBUG_INFO = NO;
				SDKROOT = iphoneos;
				SWIFT_OPTIMIZATION_LEVEL = "-Owholemodule";
				VALIDATE_PRODUCT = YES;
			};
			name = Release;
		};
		FAA721781FED5492001B489C /* Debug */ = {
			isa = XCBuildConfiguration;
			buildSettings = {
				ASSETCATALOG_COMPILER_APPICON_NAME = AppIcon;
				CODE_SIGN_STYLE = Automatic;
				DEVELOPMENT_TEAM = QK893C648G;
				FRAMEWORK_SEARCH_PATHS = (
					"$(inherited)",
					"$(PROJECT_DIR)",
				);
				INFOPLIST_FILE = CustomLegend/Info.plist;
				LD_RUNPATH_SEARCH_PATHS = "$(inherited) @executable_path/Frameworks";
				PRODUCT_BUNDLE_IDENTIFIER = ssss.CustomLegend;
				PRODUCT_NAME = "$(TARGET_NAME)";
				SWIFT_VERSION = 4.0;
				TARGETED_DEVICE_FAMILY = "1,2";
			};
			name = Debug;
		};
		FAA721791FED5492001B489C /* Release */ = {
			isa = XCBuildConfiguration;
			buildSettings = {
				ASSETCATALOG_COMPILER_APPICON_NAME = AppIcon;
				CODE_SIGN_STYLE = Automatic;
				DEVELOPMENT_TEAM = QK893C648G;
				FRAMEWORK_SEARCH_PATHS = (
					"$(inherited)",
					"$(PROJECT_DIR)",
				);
				INFOPLIST_FILE = CustomLegend/Info.plist;
				LD_RUNPATH_SEARCH_PATHS = "$(inherited) @executable_path/Frameworks";
				PRODUCT_BUNDLE_IDENTIFIER = ssss.CustomLegend;
				PRODUCT_NAME = "$(TARGET_NAME)";
				SWIFT_VERSION = 4.0;
				TARGETED_DEVICE_FAMILY = "1,2";
			};
			name = Release;
		};
/* End XCBuildConfiguration section */

/* Begin XCConfigurationList section */
		FAA721601FED5492001B489C /* Build configuration list for PBXProject "CustomLegend" */ = {
			isa = XCConfigurationList;
			buildConfigurations = (
				FAA721751FED5492001B489C /* Debug */,
				FAA721761FED5492001B489C /* Release */,
			);
			defaultConfigurationIsVisible = 0;
			defaultConfigurationName = Release;
		};
		FAA721771FED5492001B489C /* Build configuration list for PBXNativeTarget "CustomLegend" */ = {
			isa = XCConfigurationList;
			buildConfigurations = (
				FAA721781FED5492001B489C /* Debug */,
				FAA721791FED5492001B489C /* Release */,
			);
			defaultConfigurationIsVisible = 0;
			defaultConfigurationName = Release;
		};
/* End XCConfigurationList section */
	};
	rootObject = FAA7215D1FED5492001B489C /* Project object */;
}
