// !$*UTF8*$!
{
	archiveVersion = 1;
	classes = {
	};
	objectVersion = 52;
	objects = {

/* Begin PBXBuildFile section */
		9C3E08E4267B754200BFA973 /* SciChart in Frameworks */ = {isa = PBXBuildFile; productRef = 9C3E08E3267B754200BFA973 /* SciChart */; };
		9CC2057D238332BC001189FE /* AppDelegate.swift in Sources */ = {isa = PBXBuildFile; fileRef = 9CC2057C238332BC001189FE /* AppDelegate.swift */; };
		9CC20581238332BC001189FE /* ViewController.swift in Sources */ = {isa = PBXBuildFile; fileRef = 9CC20580238332BC001189FE /* ViewController.swift */; };
		9CC20586238332BE001189FE /* Assets.xcassets in Resources */ = {isa = PBXBuildFile; fileRef = 9CC20585238332BE001189FE /* Assets.xcassets */; };
		9CE66E48238C3F70005312A2 /* LaunchScreen.storyboard in Resources */ = {isa = PBXBuildFile; fileRef = 9CE66E47238C3F70005312A2 /* LaunchScreen.storyboard */; };
/* End PBXBuildFile section */

/* Begin PBXFileReference section */
		9CC20579238332BC001189FE /* Tutorial 06 - Multiple Axis.app */ = {isa = PBXFileReference; explicitFileType = wrapper.application; includeInIndex = 0; path = "Tutorial 06 - Multiple Axis.app"; sourceTree = BUILT_PRODUCTS_DIR; };
		9CC2057C238332BC001189FE /* AppDelegate.swift */ = {isa = PBXFileReference; lastKnownFileType = sourcecode.swift; path = AppDelegate.swift; sourceTree = "<group>"; };
		9CC20580238332BC001189FE /* ViewController.swift */ = {isa = PBXFileReference; lastKnownFileType = sourcecode.swift; path = ViewController.swift; sourceTree = "<group>"; };
		9CC20585238332BE001189FE /* Assets.xcassets */ = {isa = PBXFileReference; lastKnownFileType = folder.assetcatalog; path = Assets.xcassets; sourceTree = "<group>"; };
		9CC2058A238332BE001189FE /* Info.plist */ = {isa = PBXFileReference; lastKnownFileType = text.plist.xml; path = Info.plist; sourceTree = "<group>"; };
		9CE66E47238C3F70005312A2 /* LaunchScreen.storyboard */ = {isa = PBXFileReference; fileEncoding = 4; lastKnownFileType = file.storyboard; path = LaunchScreen.storyboard; sourceTree = "<group>"; };
/* End PBXFileReference section */

/* Begin PBXFrameworksBuildPhase section */
		9CC20576238332BC001189FE /* Frameworks */ = {
			isa = PBXFrameworksBuildPhase;
			buildActionMask = 2147483647;
			files = (
				9C3E08E4267B754200BFA973 /* SciChart in Frameworks */,
			);
			runOnlyForDeploymentPostprocessing = 0;
		};
/* End PBXFrameworksBuildPhase section */

/* Begin PBXGroup section */
		9CC20570238332BC001189FE = {
			isa = PBXGroup;
			children = (
				9CC2057B238332BC001189FE /* Tutorial 06 - Multiple Axis */,
				9CC2057A238332BC001189FE /* Products */,
			);
			sourceTree = "<group>";
		};
		9CC2057A238332BC001189FE /* Products */ = {
			isa = PBXGroup;
			children = (
				9CC20579238332BC001189FE /* Tutorial 06 - Multiple Axis.app */,
			);
			name = Products;
			sourceTree = "<group>";
		};
		9CC2057B238332BC001189FE /* Tutorial 06 - Multiple Axis */ = {
			isa = PBXGroup;
			children = (
				9CC2057C238332BC001189FE /* AppDelegate.swift */,
				9CC20585238332BE001189FE /* Assets.xcassets */,
				9CC2058A238332BE001189FE /* Info.plist */,
				9CE66E47238C3F70005312A2 /* LaunchScreen.storyboard */,
				9CC20580238332BC001189FE /* ViewController.swift */,
			);
			path = "Tutorial 06 - Multiple Axis";
			sourceTree = "<group>";
		};
/* End PBXGroup section */

/* Begin PBXNativeTarget section */
		9CC20578238332BC001189FE /* Tutorial 06 - Multiple Axis */ = {
			isa = PBXNativeTarget;
			buildConfigurationList = 9CC2058D238332BE001189FE /* Build configuration list for PBXNativeTarget "Tutorial 06 - Multiple Axis" */;
			buildPhases = (
				9CC20575238332BC001189FE /* Sources */,
				9CC20576238332BC001189FE /* Frameworks */,
				9CC20577238332BC001189FE /* Resources */,
			);
			buildRules = (
			);
			dependencies = (
			);
			name = "Tutorial 06 - Multiple Axis";
			packageProductDependencies = (
				9C3E08E3267B754200BFA973 /* SciChart */,
			);
			productName = "Tutorial 06 - Multiple Axis";
			productReference = 9CC20579238332BC001189FE /* Tutorial 06 - Multiple Axis.app */;
			productType = "com.apple.product-type.application";
		};
/* End PBXNativeTarget section */

/* Begin PBXProject section */
		9CC20571238332BC001189FE /* Project object */ = {
			isa = PBXProject;
			attributes = {
				LastSwiftUpdateCheck = 1120;
				LastUpgradeCheck = 1300;
				ORGANIZATIONNAME = "SciChart Ltd.";
				TargetAttributes = {
					9CC20578238332BC001189FE = {
						CreatedOnToolsVersion = 11.2;
					};
				};
			};
			buildConfigurationList = 9CC20574238332BC001189FE /* Build configuration list for PBXProject "Tutorial 06 - Multiple Axis" */;
			compatibilityVersion = "Xcode 9.3";
			developmentRegion = en;
			hasScannedForEncodings = 0;
			knownRegions = (
				en,
				Base,
			);
			mainGroup = 9CC20570238332BC001189FE;
			packageReferences = (
				9C3E08E2267B754200BFA973 /* XCRemoteSwiftPackageReference "SciChart-SP" */,
			);
			productRefGroup = 9CC2057A238332BC001189FE /* Products */;
			projectDirPath = "";
			projectRoot = "";
			targets = (
				9CC20578238332BC001189FE /* Tutorial 06 - Multiple Axis */,
			);
		};
/* End PBXProject section */

/* Begin PBXResourcesBuildPhase section */
		9CC20577238332BC001189FE /* Resources */ = {
			isa = PBXResourcesBuildPhase;
			buildActionMask = 2147483647;
			files = (
				9CC20586238332BE001189FE /* Assets.xcassets in Resources */,
				9CE66E48238C3F70005312A2 /* LaunchScreen.storyboard in Resources */,
			);
			runOnlyForDeploymentPostprocessing = 0;
		};
/* End PBXResourcesBuildPhase section */

/* Begin PBXSourcesBuildPhase section */
		9CC20575238332BC001189FE /* Sources */ = {
			isa = PBXSourcesBuildPhase;
			buildActionMask = 2147483647;
			files = (
				9CC20581238332BC001189FE /* ViewController.swift in Sources */,
				9CC2057D238332BC001189FE /* AppDelegate.swift in Sources */,
			);
			runOnlyForDeploymentPostprocessing = 0;
		};
/* End PBXSourcesBuildPhase section */

/* Begin XCBuildConfiguration section */
		9CC2058B238332BE001189FE /* Debug */ = {
			isa = XCBuildConfiguration;
			buildSettings = {
				ALWAYS_SEARCH_USER_PATHS = NO;
				CLANG_ANALYZER_NONNULL = YES;
				CLANG_ANALYZER_NUMBER_OBJECT_CONVERSION = YES_AGGRESSIVE;
				CLANG_CXX_LANGUAGE_STANDARD = "gnu++14";
				CLANG_CXX_LIBRARY = "libc++";
				CLANG_ENABLE_MODULES = YES;
				CLANG_ENABLE_OBJC_ARC = YES;
				CLANG_ENABLE_OBJC_WEAK = YES;
				CLANG_WARN_BLOCK_CAPTURE_AUTORELEASING = YES;
				CLANG_WARN_BOOL_CONVERSION = YES;
				CLANG_WARN_COMMA = YES;
				CLANG_WARN_CONSTANT_CONVERSION = YES;
				CLANG_WARN_DEPRECATED_OBJC_IMPLEMENTATIONS = YES;
				CLANG_WARN_DIRECT_OBJC_ISA_USAGE = YES_ERROR;
				CLANG_WARN_DOCUMENTATION_COMMENTS = YES;
				CLANG_WARN_EMPTY_BODY = YES;
				CLANG_WARN_ENUM_CONVERSION = YES;
				CLANG_WARN_INFINITE_RECURSION = YES;
				CLANG_WARN_INT_CONVERSION = YES;
				CLANG_WARN_NON_LITERAL_NULL_CONVERSION = YES;
				CLANG_WARN_OBJC_IMPLICIT_RETAIN_SELF = YES;
				CLANG_WARN_OBJC_LITERAL_CONVERSION = YES;
				CLANG_WARN_OBJC_ROOT_CLASS = YES_ERROR;
				CLANG_WARN_RANGE_LOOP_ANALYSIS = YES;
				CLANG_WARN_STRICT_PROTOTYPES = YES;
				CLANG_WARN_SUSPICIOUS_MOVE = YES;
				CLANG_WARN_UNGUARDED_AVAILABILITY = YES_AGGRESSIVE;
				CLANG_WARN_UNREACHABLE_CODE = YES;
				CLANG_WARN__DUPLICATE_METHOD_MATCH = YES;
				COPY_PHASE_STRIP = NO;
				DEBUG_INFORMATION_FORMAT = dwarf;
				ENABLE_STRICT_OBJC_MSGSEND = YES;
				ENABLE_TESTABILITY = YES;
				GCC_C_LANGUAGE_STANDARD = gnu11;
				GCC_DYNAMIC_NO_PIC = NO;
				GCC_NO_COMMON_BLOCKS = YES;
				GCC_OPTIMIZATION_LEVEL = 0;
				GCC_PREPROCESSOR_DEFINITIONS = (
					"DEBUG=1",
					"$(inherited)",
				);
				GCC_WARN_64_TO_32_BIT_CONVERSION = YES;
				GCC_WARN_ABOUT_RETURN_TYPE = YES_ERROR;
				GCC_WARN_UNDECLARED_SELECTOR = YES;
				GCC_WARN_UNINITIALIZED_AUTOS = YES_AGGRESSIVE;
				GCC_WARN_UNUSED_FUNCTION = YES;
				GCC_WARN_UNUSED_VARIABLE = YES;
				IPHONEOS_DEPLOYMENT_TARGET = 13.2;
				MTL_ENABLE_DEBUG_INFO = INCLUDE_SOURCE;
				MTL_FAST_MATH = YES;
				ONLY_ACTIVE_ARCH = YES;
				SDKROOT = iphoneos;
				SWIFT_ACTIVE_COMPILATION_CONDITIONS = DEBUG;
				SWIFT_OPTIMIZATION_LEVEL = "-Onone";
			};
			name = Debug;
		};
		9CC2058C238332BE001189FE /* Release */ = {
			isa = XCBuildConfiguration;
			buildSettings = {
				ALWAYS_SEARCH_USER_PATHS = NO;
				CLANG_ANALYZER_NONNULL = YES;
				CLANG_ANALYZER_NUMBER_OBJECT_CONVERSION = YES_AGGRESSIVE;
				CLANG_CXX_LANGUAGE_STANDARD = "gnu++14";
				CLANG_CXX_LIBRARY = "libc++";
				CLANG_ENABLE_MODULES = YES;
				CLANG_ENABLE_OBJC_ARC = YES;
				CLANG_ENABLE_OBJC_WEAK = YES;
				CLANG_WARN_BLOCK_CAPTURE_AUTORELEASING = YES;
				CLANG_WARN_BOOL_CONVERSION = YES;
				CLANG_WARN_COMMA = YES;
				CLANG_WARN_CONSTANT_CONVERSION = YES;
				CLANG_WARN_DEPRECATED_OBJC_IMPLEMENTATIONS = YES;
				CLANG_WARN_DIRECT_OBJC_ISA_USAGE = YES_ERROR;
				CLANG_WARN_DOCUMENTATION_COMMENTS = YES;
				CLANG_WARN_EMPTY_BODY = YES;
				CLANG_WARN_ENUM_CONVERSION = YES;
				CLANG_WARN_INFINITE_RECURSION = YES;
				CLANG_WARN_INT_CONVERSION = YES;
				CLANG_WARN_NON_LITERAL_NULL_CONVERSION = YES;
				CLANG_WARN_OBJC_IMPLICIT_RETAIN_SELF = YES;
				CLANG_WARN_OBJC_LITERAL_CONVERSION = YES;
				CLANG_WARN_OBJC_ROOT_CLASS = YES_ERROR;
				CLANG_WARN_RANGE_LOOP_ANALYSIS = YES;
				CLANG_WARN_STRICT_PROTOTYPES = YES;
				CLANG_WARN_SUSPICIOUS_MOVE = YES;
				CLANG_WARN_UNGUARDED_AVAILABILITY = YES_AGGRESSIVE;
				CLANG_WARN_UNREACHABLE_CODE = YES;
				CLANG_WARN__DUPLICATE_METHOD_MATCH = YES;
				COPY_PHASE_STRIP = NO;
				DEBUG_INFORMATION_FORMAT = "dwarf-with-dsym";
				ENABLE_NS_ASSERTIONS = NO;
				ENABLE_STRICT_OBJC_MSGSEND = YES;
				GCC_C_LANGUAGE_STANDARD = gnu11;
				GCC_NO_COMMON_BLOCKS = YES;
				GCC_WARN_64_TO_32_BIT_CONVERSION = YES;
				GCC_WARN_ABOUT_RETURN_TYPE = YES_ERROR;
				GCC_WARN_UNDECLARED_SELECTOR = YES;
				GCC_WARN_UNINITIALIZED_AUTOS = YES_AGGRESSIVE;
				GCC_WARN_UNUSED_FUNCTION = YES;
				GCC_WARN_UNUSED_VARIABLE = YES;
				IPHONEOS_DEPLOYMENT_TARGET = 13.2;
				MTL_ENABLE_DEBUG_INFO = NO;
				MTL_FAST_MATH = YES;
				SDKROOT = iphoneos;
				SWIFT_COMPILATION_MODE = wholemodule;
				SWIFT_OPTIMIZATION_LEVEL = "-O";
				VALIDATE_PRODUCT = YES;
			};
			name = Release;
		};
		9CC2058E238332BE001189FE /* Debug */ = {
			isa = XCBuildConfiguration;
			buildSettings = {
				ASSETCATALOG_COMPILER_APPICON_NAME = AppIcon;
				CODE_SIGN_STYLE = Automatic;
				INFOPLIST_FILE = "Tutorial 06 - Multiple Axis/Info.plist";
				IPHONEOS_DEPLOYMENT_TARGET = 12.0;
				LD_RUNPATH_SEARCH_PATHS = (
					"$(inherited)",
					"@executable_path/Frameworks",
				);
				PRODUCT_BUNDLE_IDENTIFIER = "com.scichart.tutorial-06";
				PRODUCT_NAME = "$(TARGET_NAME)";
				SWIFT_VERSION = 5.0;
				TARGETED_DEVICE_FAMILY = "1,2";
			};
			name = Debug;
		};
		9CC2058F238332BE001189FE /* Release */ = {
			isa = XCBuildConfiguration;
			buildSettings = {
				ASSETCATALOG_COMPILER_APPICON_NAME = AppIcon;
				CODE_SIGN_STYLE = Automatic;
				INFOPLIST_FILE = "Tutorial 06 - Multiple Axis/Info.plist";
				IPHONEOS_DEPLOYMENT_TARGET = 12.0;
				LD_RUNPATH_SEARCH_PATHS = (
					"$(inherited)",
					"@executable_path/Frameworks",
				);
				PRODUCT_BUNDLE_IDENTIFIER = "com.scichart.tutorial-06";
				PRODUCT_NAME = "$(TARGET_NAME)";
				SWIFT_VERSION = 5.0;
				TARGETED_DEVICE_FAMILY = "1,2";
			};
			name = Release;
		};
/* End XCBuildConfiguration section */

/* Begin XCConfigurationList section */
		9CC20574238332BC001189FE /* Build configuration list for PBXProject "Tutorial 06 - Multiple Axis" */ = {
			isa = XCConfigurationList;
			buildConfigurations = (
				9CC2058B238332BE001189FE /* Debug */,
				9CC2058C238332BE001189FE /* Release */,
			);
			defaultConfigurationIsVisible = 0;
			defaultConfigurationName = Release;
		};
		9CC2058D238332BE001189FE /* Build configuration list for PBXNativeTarget "Tutorial 06 - Multiple Axis" */ = {
			isa = XCConfigurationList;
			buildConfigurations = (
				9CC2058E238332BE001189FE /* Debug */,
				9CC2058F238332BE001189FE /* Release */,
			);
			defaultConfigurationIsVisible = 0;
			defaultConfigurationName = Release;
		};
/* End XCConfigurationList section */

/* Begin XCRemoteSwiftPackageReference section */
		9C3E08E2267B754200BFA973 /* XCRemoteSwiftPackageReference "SciChart-SP" */ = {
			isa = XCRemoteSwiftPackageReference;
			repositoryURL = "git@github.com:ABTSoftware/SciChart-SP.git";
			requirement = {
				kind = upToNextMajorVersion;
				minimumVersion = 4.0.0;
			};
		};
/* End XCRemoteSwiftPackageReference section */

/* Begin XCSwiftPackageProductDependency section */
		9C3E08E3267B754200BFA973 /* SciChart */ = {
			isa = XCSwiftPackageProductDependency;
			package = 9C3E08E2267B754200BFA973 /* XCRemoteSwiftPackageReference "SciChart-SP" */;
			productName = SciChart;
		};
/* End XCSwiftPackageProductDependency section */
	};
	rootObject = 9CC20571238332BC001189FE /* Project object */;
}
